
Microsoft Visual Studio Solution File, Format Version 12.00
# Visual Studio Version 16
VisualStudioVersion = 16.0.29911.84
MinimumVisualStudioVersion = 10.0.40219.1
Project("{FAE04EC0-301F-11D3-BF4B-00C04F79EFBC}") = "Harjoitus2Metodi", "Harjoitus2Metodi\Harjoitus2Metodi.csproj", "{7F9D2501-5CA8-44B4-AF0F-31AF3A177DE9}"
EndProject
Global
	GlobalSection(SolutionConfigurationPlatforms) = preSolution
		Debug|Any CPU = Debug|Any CPU
		Release|Any CPU = Release|Any CPU
	EndGlobalSection
	GlobalSection(ProjectConfigurationPlatforms) = postSolution
		{7F9D2501-5CA8-44B4-AF0F-31AF3A177DE9}.Debug|Any CPU.ActiveCfg = Debug|Any CPU
		{7F9D2501-5CA8-44B4-AF0F-31AF3A177DE9}.Debug|Any CPU.Build.0 = Debug|Any CPU
		{7F9D2501-5CA8-44B4-AF0F-31AF3A177DE9}.Release|Any CPU.ActiveCfg = Release|Any CPU
		{7F9D2501-5CA8-44B4-AF0F-31AF3A177DE9}.Release|Any CPU.Build.0 = Release|Any CPU
	EndGlobalSection
	GlobalSection(SolutionProperties) = preSolution
		HideSolutionNode = FALSE
	EndGlobalSection
	GlobalSection(ExtensibilityGlobals) = postSolution
		SolutionGuid = {14A3F2C3-E5E0-44C4-8244-A348F1589E63}
	EndGlobalSection
EndGlobal
